
Microsoft Visual Studio Solution File, Format Version 12.00
# Visual Studio Version 17
VisualStudioVersion = 17.14.36705.20 d17.14
MinimumVisualStudioVersion = 10.0.40219.1
Project("{FAE04EC0-301F-11D3-BF4B-00C04F79EFBC}") = "gastos-residenciais-server", "gastos-residenciais-server\gastos-residenciais-server.csproj", "{B4674328-1065-4E89-A53E-B2A812BF5AF4}"
EndProject
Global
	GlobalSection(SolutionConfigurationPlatforms) = preSolution
		Debug|Any CPU = Debug|Any CPU
		Release|Any CPU = Release|Any CPU
	EndGlobalSection
	GlobalSection(ProjectConfigurationPlatforms) = postSolution
		{B4674328-1065-4E89-A53E-B2A812BF5AF4}.Debug|Any CPU.ActiveCfg = Debug|Any CPU
		{B4674328-1065-4E89-A53E-B2A812BF5AF4}.Debug|Any CPU.Build.0 = Debug|Any CPU
		{B4674328-1065-4E89-A53E-B2A812BF5AF4}.Release|Any CPU.ActiveCfg = Release|Any CPU
		{B4674328-1065-4E89-A53E-B2A812BF5AF4}.Release|Any CPU.Build.0 = Release|Any CPU
	EndGlobalSection
	GlobalSection(SolutionProperties) = preSolution
		HideSolutionNode = FALSE
	EndGlobalSection
	GlobalSection(ExtensibilityGlobals) = postSolution
		SolutionGuid = {014DF238-780C-4707-9B12-3216F5401F75}
	EndGlobalSection
EndGlobal
